// !$*UTF8*$!
{
	archiveVersion = 1;
	classes = {
	};
	objectVersion = 71;
	objects = {

/* Begin PBXBuildFile section */
		A10000000000000000000001 /* BeepbarApp.swift in Sources */ = {isa = PBXBuildFile; fileRef = A10000000000000000000011 /* BeepbarApp.swift */; };
		A10000000000000000000002 /* WeBeepAuthenticationController.swift in Sources */ = {isa = PBXBuildFile; fileRef = A10000000000000000000012 /* WeBeepAuthenticationController.swift */; };
		A10000000000000000000006 /* BeepbarShellView.swift in Sources */ = {isa = PBXBuildFile; fileRef = A10000000000000000000014 /* BeepbarShellView.swift */; };
		A10000000000000000000009 /* UpdaterController.swift in Sources */ = {isa = PBXBuildFile; fileRef = A10000000000000000000017 /* UpdaterController.swift */; };
		A100000000000000000000AC /* LaunchAtLogin.swift in Sources */ = {isa = PBXBuildFile; fileRef = A100000000000000000000AD /* LaunchAtLogin.swift */; };
		A100000000000000000000AE /* SyncNotifications.swift in Sources */ = {isa = PBXBuildFile; fileRef = A100000000000000000000AF /* SyncNotifications.swift */; };
		A10000000000000000000090 /* OnboardingView.swift in Sources */ = {isa = PBXBuildFile; fileRef = A10000000000000000000091 /* OnboardingView.swift */; };
		A10000000000000000000092 /* CredentialStorage.swift in Sources */ = {isa = PBXBuildFile; fileRef = A10000000000000000000093 /* CredentialStorage.swift */; };
		A100000000000000000000A0 /* DesignSystem.swift in Sources */ = {isa = PBXBuildFile; fileRef = A100000000000000000000A1 /* DesignSystem.swift */; };
		A100000000000000000000A2 /* HomePage.swift in Sources */ = {isa = PBXBuildFile; fileRef = A100000000000000000000A3 /* HomePage.swift */; };
		A100000000000000000000A4 /* SettingsPage.swift in Sources */ = {isa = PBXBuildFile; fileRef = A100000000000000000000A5 /* SettingsPage.swift */; };
		A100000000000000000000A6 /* ConflictsPage.swift in Sources */ = {isa = PBXBuildFile; fileRef = A100000000000000000000A7 /* ConflictsPage.swift */; };
		A100000000000000000000A8 /* ActivityPage.swift in Sources */ = {isa = PBXBuildFile; fileRef = A100000000000000000000A9 /* ActivityPage.swift */; };
		A100000000000000000000AA /* ModuleDestinationsSheet.swift in Sources */ = {isa = PBXBuildFile; fileRef = A100000000000000000000AB /* ModuleDestinationsSheet.swift */; };
		A10000000000000000000007 /* Assets.xcassets in Resources */ = {isa = PBXBuildFile; fileRef = A10000000000000000000016 /* Assets.xcassets */; };
		A10000000000000000000003 /* WebKit.framework in Frameworks */ = {isa = PBXBuildFile; fileRef = A10000000000000000000021 /* WebKit.framework */; };
		A10000000000000000000005 /* BeepbarCore in Frameworks */ = {isa = PBXBuildFile; productRef = A10000000000000000000040 /* BeepbarCore */; };
		A10000000000000000000008 /* Sparkle in Frameworks */ = {isa = PBXBuildFile; productRef = A10000000000000000000041 /* Sparkle */; };
		A100000000000000000000B0 /* RecmanScripts.swift in Sources */ = {isa = PBXBuildFile; fileRef = A100000000000000000000B1 /* RecmanScripts.swift */; };
		A100000000000000000000B2 /* RecmanWebSession.swift in Sources */ = {isa = PBXBuildFile; fileRef = A100000000000000000000B3 /* RecmanWebSession.swift */; };
		A100000000000000000000B8 /* RecordingsPage.swift in Sources */ = {isa = PBXBuildFile; fileRef = A100000000000000000000B9 /* RecordingsPage.swift */; };
		A100000000000000000000B6 /* RecordingsController.swift in Sources */ = {isa = PBXBuildFile; fileRef = A100000000000000000000B7 /* RecordingsController.swift */; };
		A100000000000000000000B4 /* RecordingsSessionStore.swift in Sources */ = {isa = PBXBuildFile; fileRef = A100000000000000000000B5 /* RecordingsSessionStore.swift */; };
		A100000000000000000000C0 /* UIContentReadiness.swift in Sources */ = {isa = PBXBuildFile; fileRef = A100000000000000000000C1 /* UIContentReadiness.swift */; };
		A100000000000000000000C2 /* UIPerformanceHarness.swift in Sources */ = {isa = PBXBuildFile; fileRef = A100000000000000000000C3 /* UIPerformanceHarness.swift */; };
/* End PBXBuildFile section */

/* Begin PBXFileReference section */
		A10000000000000000000010 /* Beepbar.app */ = {isa = PBXFileReference; explicitFileType = wrapper.application; includeInIndex = 0; path = Beepbar.app; sourceTree = BUILT_PRODUCTS_DIR; };
		A10000000000000000000011 /* BeepbarApp.swift */ = {isa = PBXFileReference; lastKnownFileType = sourcecode.swift; path = BeepbarApp.swift; sourceTree = "<group>"; };
		A10000000000000000000012 /* WeBeepAuthenticationController.swift */ = {isa = PBXFileReference; lastKnownFileType = sourcecode.swift; path = WeBeepAuthenticationController.swift; sourceTree = "<group>"; };
		A10000000000000000000014 /* BeepbarShellView.swift */ = {isa = PBXFileReference; lastKnownFileType = sourcecode.swift; path = BeepbarShellView.swift; sourceTree = "<group>"; };
		A10000000000000000000017 /* UpdaterController.swift */ = {isa = PBXFileReference; lastKnownFileType = sourcecode.swift; path = UpdaterController.swift; sourceTree = "<group>"; };
		A100000000000000000000AD /* LaunchAtLogin.swift */ = {isa = PBXFileReference; lastKnownFileType = sourcecode.swift; path = LaunchAtLogin.swift; sourceTree = "<group>"; };
		A100000000000000000000AF /* SyncNotifications.swift */ = {isa = PBXFileReference; lastKnownFileType = sourcecode.swift; path = SyncNotifications.swift; sourceTree = "<group>"; };
		A10000000000000000000091 /* OnboardingView.swift */ = {isa = PBXFileReference; lastKnownFileType = sourcecode.swift; path = OnboardingView.swift; sourceTree = "<group>"; };
		A10000000000000000000093 /* CredentialStorage.swift */ = {isa = PBXFileReference; lastKnownFileType = sourcecode.swift; path = CredentialStorage.swift; sourceTree = "<group>"; };
		A100000000000000000000A1 /* DesignSystem.swift */ = {isa = PBXFileReference; lastKnownFileType = sourcecode.swift; path = DesignSystem.swift; sourceTree = "<group>"; };
		A100000000000000000000A3 /* HomePage.swift */ = {isa = PBXFileReference; lastKnownFileType = sourcecode.swift; path = HomePage.swift; sourceTree = "<group>"; };
		A100000000000000000000A5 /* SettingsPage.swift */ = {isa = PBXFileReference; lastKnownFileType = sourcecode.swift; path = SettingsPage.swift; sourceTree = "<group>"; };
		A100000000000000000000A7 /* ConflictsPage.swift */ = {isa = PBXFileReference; lastKnownFileType = sourcecode.swift; path = ConflictsPage.swift; sourceTree = "<group>"; };
		A100000000000000000000A9 /* ActivityPage.swift */ = {isa = PBXFileReference; lastKnownFileType = sourcecode.swift; path = ActivityPage.swift; sourceTree = "<group>"; };
		A100000000000000000000AB /* ModuleDestinationsSheet.swift */ = {isa = PBXFileReference; lastKnownFileType = sourcecode.swift; path = ModuleDestinationsSheet.swift; sourceTree = "<group>"; };
		A10000000000000000000013 /* Info.plist */ = {isa = PBXFileReference; lastKnownFileType = text.plist.xml; path = Info.plist; sourceTree = "<group>"; };
		A10000000000000000000015 /* Signing.xcconfig */ = {isa = PBXFileReference; lastKnownFileType = text.xcconfig; path = Config/Signing.xcconfig; sourceTree = SOURCE_ROOT; };
		A10000000000000000000016 /* Assets.xcassets */ = {isa = PBXFileReference; lastKnownFileType = folder.assetcatalog; path = Assets.xcassets; sourceTree = "<group>"; };
		A10000000000000000000021 /* WebKit.framework */ = {isa = PBXFileReference; lastKnownFileType = wrapper.framework; name = WebKit.framework; path = System/Library/Frameworks/WebKit.framework; sourceTree = SDKROOT; };
		A100000000000000000000B1 /* RecmanScripts.swift */ = {isa = PBXFileReference; lastKnownFileType = sourcecode.swift; path = RecmanScripts.swift; sourceTree = "<group>"; };
		A100000000000000000000B3 /* RecmanWebSession.swift */ = {isa = PBXFileReference; lastKnownFileType = sourcecode.swift; path = RecmanWebSession.swift; sourceTree = "<group>"; };
		A100000000000000000000B9 /* RecordingsPage.swift */ = {isa = PBXFileReference; lastKnownFileType = sourcecode.swift; path = RecordingsPage.swift; sourceTree = "<group>"; };
		A100000000000000000000B7 /* RecordingsController.swift */ = {isa = PBXFileReference; lastKnownFileType = sourcecode.swift; path = RecordingsController.swift; sourceTree = "<group>"; };
		A100000000000000000000B5 /* RecordingsSessionStore.swift */ = {isa = PBXFileReference; lastKnownFileType = sourcecode.swift; path = RecordingsSessionStore.swift; sourceTree = "<group>"; };
		A100000000000000000000C1 /* UIContentReadiness.swift */ = {isa = PBXFileReference; lastKnownFileType = sourcecode.swift; path = UIContentReadiness.swift; sourceTree = "<group>"; };
		A100000000000000000000C3 /* UIPerformanceHarness.swift */ = {isa = PBXFileReference; lastKnownFileType = sourcecode.swift; path = UIPerformanceHarness.swift; sourceTree = "<group>"; };
/* End PBXFileReference section */

/* Begin PBXFrameworksBuildPhase section */
		A10000000000000000000030 /* Frameworks */ = {
			isa = PBXFrameworksBuildPhase;
			buildActionMask = 2147483647;
			files = (
				A10000000000000000000003 /* WebKit.framework in Frameworks */,
				A10000000000000000000005 /* BeepbarCore in Frameworks */,
				A10000000000000000000008 /* Sparkle in Frameworks */,
			);
			runOnlyForDeploymentPostprocessing = 0;
		};
/* End PBXFrameworksBuildPhase section */

/* Begin PBXResourcesBuildPhase section */
		A10000000000000000000032 /* Resources */ = {
			isa = PBXResourcesBuildPhase;
			buildActionMask = 2147483647;
			files = (
				A10000000000000000000007 /* Assets.xcassets in Resources */,
			);
			runOnlyForDeploymentPostprocessing = 0;
		};
/* End PBXResourcesBuildPhase section */

/* Begin PBXGroup section */
		A10000000000000000000050 = {
			isa = PBXGroup;
			children = (
				A10000000000000000000051 /* Sources */,
				A10000000000000000000052 /* App */,
				A10000000000000000000053 /* Frameworks */,
				A10000000000000000000054 /* Products */,
			);
			sourceTree = "<group>";
		};
		A10000000000000000000051 /* Sources */ = {
			isa = PBXGroup;
			children = (
				A10000000000000000000011 /* BeepbarApp.swift */,
				A100000000000000000000C3 /* UIPerformanceHarness.swift */,
				A100000000000000000000C1 /* UIContentReadiness.swift */,
				A10000000000000000000012 /* WeBeepAuthenticationController.swift */,
				A10000000000000000000014 /* BeepbarShellView.swift */,
				A10000000000000000000017 /* UpdaterController.swift */,
				A100000000000000000000AD /* LaunchAtLogin.swift */,
				A100000000000000000000AF /* SyncNotifications.swift */,
				A10000000000000000000091 /* OnboardingView.swift */,
				A10000000000000000000093 /* CredentialStorage.swift */,
				A100000000000000000000A1 /* DesignSystem.swift */,
				A100000000000000000000A3 /* HomePage.swift */,
				A100000000000000000000A5 /* SettingsPage.swift */,
				A100000000000000000000A7 /* ConflictsPage.swift */,
				A100000000000000000000A9 /* ActivityPage.swift */,
				A100000000000000000000AB /* ModuleDestinationsSheet.swift */,
				A100000000000000000000B1 /* RecmanScripts.swift */,
				A100000000000000000000B3 /* RecmanWebSession.swift */,
				A100000000000000000000B9 /* RecordingsPage.swift */,
				A100000000000000000000B7 /* RecordingsController.swift */,
				A100000000000000000000B5 /* RecordingsSessionStore.swift */,
			);
			name = Sources;
			path = Sources/BeepbarApp;
			sourceTree = "<group>";
		};
		A10000000000000000000052 /* App */ = {
			isa = PBXGroup;
			children = (
				A10000000000000000000013 /* Info.plist */,
				A10000000000000000000015 /* Signing.xcconfig */,
				A10000000000000000000016 /* Assets.xcassets */,
			);
			path = App;
			sourceTree = "<group>";
		};
		A10000000000000000000053 /* Frameworks */ = {
			isa = PBXGroup;
			children = (
				A10000000000000000000021 /* WebKit.framework */,
			);
			name = Frameworks;
			sourceTree = "<group>";
		};
		A10000000000000000000054 /* Products */ = {
			isa = PBXGroup;
			children = (
				A10000000000000000000010 /* Beepbar.app */,
			);
			name = Products;
			sourceTree = "<group>";
		};
/* End PBXGroup section */

/* Begin PBXNativeTarget section */
		A10000000000000000000061 /* Beepbar */ = {
			isa = PBXNativeTarget;
			buildConfigurationList = A10000000000000000000072 /* Build configuration list for PBXNativeTarget "Beepbar" */;
			buildPhases = (
				A10000000000000000000031 /* Sources */,
				A10000000000000000000030 /* Frameworks */,
				A10000000000000000000032 /* Resources */,
			);
			buildRules = (
			);
			dependencies = (
			);
			name = Beepbar;
			packageProductDependencies = (
				A10000000000000000000040 /* BeepbarCore */,
				A10000000000000000000041 /* Sparkle */,
			);
			productName = Beepbar;
			productReference = A10000000000000000000010 /* Beepbar.app */;
			productType = "com.apple.product-type.application";
		};
/* End PBXNativeTarget section */

/* Begin PBXProject section */
		A10000000000000000000060 /* Project object */ = {
			isa = PBXProject;
			attributes = {
				LastUpgradeCheck = 2600;
			};
			buildConfigurationList = A10000000000000000000071 /* Build configuration list for PBXProject "Beepbar" */;
			compatibilityVersion = "Xcode 16.0";
			developmentRegion = en;
			hasScannedForEncodings = 0;
			knownRegions = (
				en,
				Base,
			);
			mainGroup = A10000000000000000000050;
			packageReferences = (
				A10000000000000000000042 /* XCLocalSwiftPackageReference "." */,
				A10000000000000000000043 /* XCRemoteSwiftPackageReference "Sparkle" */,
			);
			productRefGroup = A10000000000000000000054 /* Products */;
			projectDirPath = "";
			projectRoot = "";
			targets = (
				A10000000000000000000061 /* Beepbar */,
			);
		};
/* End PBXProject section */

/* Begin PBXSourcesBuildPhase section */
		A10000000000000000000031 /* Sources */ = {
			isa = PBXSourcesBuildPhase;
			buildActionMask = 2147483647;
			files = (
				A10000000000000000000001 /* BeepbarApp.swift in Sources */,
				A100000000000000000000C2 /* UIPerformanceHarness.swift in Sources */,
				A100000000000000000000C0 /* UIContentReadiness.swift in Sources */,
				A10000000000000000000002 /* WeBeepAuthenticationController.swift in Sources */,
				A10000000000000000000006 /* BeepbarShellView.swift in Sources */,
				A10000000000000000000009 /* UpdaterController.swift in Sources */,
				A100000000000000000000AC /* LaunchAtLogin.swift in Sources */,
				A100000000000000000000AE /* SyncNotifications.swift in Sources */,
				A10000000000000000000090 /* OnboardingView.swift in Sources */,
				A10000000000000000000092 /* CredentialStorage.swift in Sources */,
				A100000000000000000000A0 /* DesignSystem.swift in Sources */,
				A100000000000000000000A2 /* HomePage.swift in Sources */,
				A100000000000000000000A4 /* SettingsPage.swift in Sources */,
				A100000000000000000000A6 /* ConflictsPage.swift in Sources */,
				A100000000000000000000A8 /* ActivityPage.swift in Sources */,
				A100000000000000000000AA /* ModuleDestinationsSheet.swift in Sources */,
				A100000000000000000000B0 /* RecmanScripts.swift in Sources */,
				A100000000000000000000B2 /* RecmanWebSession.swift in Sources */,
				A100000000000000000000B8 /* RecordingsPage.swift in Sources */,
				A100000000000000000000B6 /* RecordingsController.swift in Sources */,
				A100000000000000000000B4 /* RecordingsSessionStore.swift in Sources */,
			);
			runOnlyForDeploymentPostprocessing = 0;
		};
/* End PBXSourcesBuildPhase section */

/* Begin XCBuildConfiguration section */
		A10000000000000000000081 /* Debug */ = {
			isa = XCBuildConfiguration;
			buildSettings = {
				CLANG_ENABLE_MODULES = YES;
				MACOSX_DEPLOYMENT_TARGET = 14.0;
				SDKROOT = macosx;
			};
			name = Debug;
		};
		A10000000000000000000082 /* Release */ = {
			isa = XCBuildConfiguration;
			buildSettings = {
				CLANG_ENABLE_MODULES = YES;
				MACOSX_DEPLOYMENT_TARGET = 14.0;
				SDKROOT = macosx;
			};
			name = Release;
		};
		A10000000000000000000083 /* Debug */ = {
			isa = XCBuildConfiguration;
			baseConfigurationReference = A10000000000000000000015 /* Signing.xcconfig */;
			buildSettings = {
				ASSETCATALOG_COMPILER_GENERATE_SWIFT_ASSET_SYMBOL_EXTENSIONS = YES;
				ASSETCATALOG_COMPILER_APPICON_NAME = AppIcon;
				CURRENT_PROJECT_VERSION = 2;
				MARKETING_VERSION = 2.0;
				GENERATE_INFOPLIST_FILE = NO;
				INFOPLIST_FILE = App/Info.plist;
				LD_RUNPATH_SEARCH_PATHS = "@executable_path/../Frameworks";
				MACOSX_DEPLOYMENT_TARGET = 14.0;
				PRODUCT_BUNDLE_IDENTIFIER = io.github.tvaccari.beepbar;
				PRODUCT_NAME = Beepbar;
				SDKROOT = macosx;
				SWIFT_ACTIVE_COMPILATION_CONDITIONS = DEBUG;
				SWIFT_VERSION = 6.0;
			};
			name = Debug;
		};
		A10000000000000000000084 /* Release */ = {
			isa = XCBuildConfiguration;
			baseConfigurationReference = A10000000000000000000015 /* Signing.xcconfig */;
			buildSettings = {
				ARCHS = arm64;
				ASSETCATALOG_COMPILER_APPICON_NAME = AppIcon;
				CURRENT_PROJECT_VERSION = 2;
				DEAD_CODE_STRIPPING = YES;
				MARKETING_VERSION = 2.0;
				GENERATE_INFOPLIST_FILE = NO;
				INFOPLIST_FILE = App/Info.plist;
				LD_RUNPATH_SEARCH_PATHS = "@executable_path/../Frameworks";
				MACOSX_DEPLOYMENT_TARGET = 14.0;
				PRODUCT_BUNDLE_IDENTIFIER = io.github.tvaccari.beepbar;
				PRODUCT_NAME = Beepbar;
				SDKROOT = macosx;
				SWIFT_COMPILATION_MODE = wholemodule;
				SWIFT_OPTIMIZATION_LEVEL = "-O";
				SWIFT_VERSION = 6.0;
			};
			name = Release;
		};
/* End XCBuildConfiguration section */

/* Begin XCConfigurationList section */
		A10000000000000000000071 /* Build configuration list for PBXProject "Beepbar" */ = {
			isa = XCConfigurationList;
			buildConfigurations = (
				A10000000000000000000081 /* Debug */,
				A10000000000000000000082 /* Release */,
			);
			defaultConfigurationIsVisible = 0;
			defaultConfigurationName = Release;
		};
		A10000000000000000000072 /* Build configuration list for PBXNativeTarget "Beepbar" */ = {
			isa = XCConfigurationList;
			buildConfigurations = (
				A10000000000000000000083 /* Debug */,
				A10000000000000000000084 /* Release */,
			);
			defaultConfigurationIsVisible = 0;
			defaultConfigurationName = Release;
		};
/* End XCConfigurationList section */

/* Begin XCLocalSwiftPackageReference section */
		A10000000000000000000042 /* XCLocalSwiftPackageReference "." */ = {
			isa = XCLocalSwiftPackageReference;
			relativePath = .;
		};
/* End XCLocalSwiftPackageReference section */

/* Begin XCRemoteSwiftPackageReference section */
		A10000000000000000000043 /* XCRemoteSwiftPackageReference "Sparkle" */ = {
			isa = XCRemoteSwiftPackageReference;
			repositoryURL = "https://github.com/sparkle-project/Sparkle";
			requirement = {
				kind = upToNextMajorVersion;
				minimumVersion = 2.10.0;
			};
		};
/* End XCRemoteSwiftPackageReference section */

/* Begin XCSwiftPackageProductDependency section */
		A10000000000000000000040 /* BeepbarCore */ = {
			isa = XCSwiftPackageProductDependency;
			productName = BeepbarCore;
		};
		A10000000000000000000041 /* Sparkle */ = {
			isa = XCSwiftPackageProductDependency;
			package = A10000000000000000000043 /* XCRemoteSwiftPackageReference "Sparkle" */;
			productName = Sparkle;
		};
/* End XCSwiftPackageProductDependency section */
	};
	rootObject = A10000000000000000000060 /* Project object */;
}
